
Microsoft Visual Studio Solution File, Format Version 12.00
# Visual Studio Version 16
VisualStudioVersion = 16.0.28315.86
MinimumVisualStudioVersion = 10.0.40219.1
Project("{2150E333-8FDC-42A3-9474-1A3956D46DE8}") = "Engine", "Engine", "{94A6C6F3-99B3-346E-9557-ABF9D4064DBD}"
EndProject
Project("{2150E333-8FDC-42A3-9474-1A3956D46DE8}") = "Games", "Games", "{8E2F6A87-1826-34F4-940C-CC23A48F9FE4}"
EndProject
Project("{8BC9CEB8-8B4A-11D0-8D11-00A0C91BC942}") = "CppStarterLab", "Intermediate\ProjectFiles\CppStarterLab.vcxproj", "{87103D93-2E55-463E-994F-8BB9A4472017}"
EndProject
Project("{8BC9CEB8-8B4A-11D0-8D11-00A0C91BC942}") = "UE4", "Intermediate\ProjectFiles\UE4.vcxproj", "{5BD11984-515D-4261-ABD9-05CD616B4320}"
EndProject
Project("{2150E333-8FDC-42A3-9474-1A3956D46DE8}") = "Visualizers", "Visualizers", "{1CCEC849-CC72-4C59-8C36-2F7C38706D4C}"
	ProjectSection(SolutionItems) = preProject
		..\..\_Program-Files(D)\Unreal-Engine\UE_4.26\Engine\Extras\VisualStudioDebugging\UE4.natvis = ..\..\_Program-Files(D)\Unreal-Engine\UE_4.26\Engine\Extras\VisualStudioDebugging\UE4.natvis
	EndProjectSection
EndProject
Global
	GlobalSection(SolutionConfigurationPlatforms) = preSolution
		DebugGame Editor|Win32 = DebugGame Editor|Win32
		DebugGame Editor|Win64 = DebugGame Editor|Win64
		DebugGame|Win32 = DebugGame|Win32
		DebugGame|Win64 = DebugGame|Win64
		Development Editor|Win32 = Development Editor|Win32
		Development Editor|Win64 = Development Editor|Win64
		Development|Win32 = Development|Win32
		Development|Win64 = Development|Win64
		Shipping|Win32 = Shipping|Win32
		Shipping|Win64 = Shipping|Win64
	EndGlobalSection
	GlobalSection(ProjectConfigurationPlatforms) = postSolution
		{87103D93-2E55-463E-994F-8BB9A4472017}.DebugGame Editor|Win32.ActiveCfg = Invalid|Win32
		{87103D93-2E55-463E-994F-8BB9A4472017}.DebugGame Editor|Win64.ActiveCfg = DebugGame_Editor|x64
		{87103D93-2E55-463E-994F-8BB9A4472017}.DebugGame Editor|Win64.Build.0 = DebugGame_Editor|x64
		{87103D93-2E55-463E-994F-8BB9A4472017}.DebugGame|Win32.ActiveCfg = DebugGame|Win32
		{87103D93-2E55-463E-994F-8BB9A4472017}.DebugGame|Win32.Build.0 = DebugGame|Win32
		{87103D93-2E55-463E-994F-8BB9A4472017}.DebugGame|Win64.ActiveCfg = DebugGame|x64
		{87103D93-2E55-463E-994F-8BB9A4472017}.DebugGame|Win64.Build.0 = DebugGame|x64
		{87103D93-2E55-463E-994F-8BB9A4472017}.Development Editor|Win32.ActiveCfg = Invalid|Win32
		{87103D93-2E55-463E-994F-8BB9A4472017}.Development Editor|Win64.ActiveCfg = Development_Editor|x64
		{87103D93-2E55-463E-994F-8BB9A4472017}.Development Editor|Win64.Build.0 = Development_Editor|x64
		{87103D93-2E55-463E-994F-8BB9A4472017}.Development|Win32.ActiveCfg = Development|Win32
		{87103D93-2E55-463E-994F-8BB9A4472017}.Development|Win32.Build.0 = Development|Win32
		{87103D93-2E55-463E-994F-8BB9A4472017}.Development|Win64.ActiveCfg = Development|x64
		{87103D93-2E55-463E-994F-8BB9A4472017}.Development|Win64.Build.0 = Development|x64
		{87103D93-2E55-463E-994F-8BB9A4472017}.Shipping|Win32.ActiveCfg = Shipping|Win32
		{87103D93-2E55-463E-994F-8BB9A4472017}.Shipping|Win32.Build.0 = Shipping|Win32
		{87103D93-2E55-463E-994F-8BB9A4472017}.Shipping|Win64.ActiveCfg = Shipping|x64
		{87103D93-2E55-463E-994F-8BB9A4472017}.Shipping|Win64.Build.0 = Shipping|x64
		{5BD11984-515D-4261-ABD9-05CD616B4320}.DebugGame Editor|Win32.ActiveCfg = BuiltWithUnrealBuildTool|Win32
		{5BD11984-515D-4261-ABD9-05CD616B4320}.DebugGame Editor|Win64.ActiveCfg = BuiltWithUnrealBuildTool|Win32
		{5BD11984-515D-4261-ABD9-05CD616B4320}.DebugGame|Win32.ActiveCfg = BuiltWithUnrealBuildTool|Win32
		{5BD11984-515D-4261-ABD9-05CD616B4320}.DebugGame|Win64.ActiveCfg = BuiltWithUnrealBuildTool|Win32
		{5BD11984-515D-4261-ABD9-05CD616B4320}.Development Editor|Win32.ActiveCfg = BuiltWithUnrealBuildTool|Win32
		{5BD11984-515D-4261-ABD9-05CD616B4320}.Development Editor|Win64.ActiveCfg = BuiltWithUnrealBuildTool|Win32
		{5BD11984-515D-4261-ABD9-05CD616B4320}.Development|Win32.ActiveCfg = BuiltWithUnrealBuildTool|Win32
		{5BD11984-515D-4261-ABD9-05CD616B4320}.Development|Win64.ActiveCfg = BuiltWithUnrealBuildTool|Win32
		{5BD11984-515D-4261-ABD9-05CD616B4320}.Shipping|Win32.ActiveCfg = BuiltWithUnrealBuildTool|Win32
		{5BD11984-515D-4261-ABD9-05CD616B4320}.Shipping|Win64.ActiveCfg = BuiltWithUnrealBuildTool|Win32
	EndGlobalSection
	GlobalSection(SolutionProperties) = preSolution
		HideSolutionNode = FALSE
	EndGlobalSection
	GlobalSection(NestedProjects) = preSolution
		{5BD11984-515D-4261-ABD9-05CD616B4320} = {94A6C6F3-99B3-346E-9557-ABF9D4064DBD}
		{87103D93-2E55-463E-994F-8BB9A4472017} = {8E2F6A87-1826-34F4-940C-CC23A48F9FE4}
	EndGlobalSection
EndGlobal
